// !$*UTF8*$!
{
	archiveVersion = 1;
	classes = {
	};
	objectVersion = 48;
	objects = {

/* Begin PBXBuildFile section */
		5C81290920ACBC490089FAB3 /* LLPhotosBrowser.m in Sources */ = {isa = PBXBuildFile; fileRef = 5C8128F020ACBC480089FAB3 /* LLPhotosBrowser.m */; };
		5C81290A20ACBC490089FAB3 /* LLPhotoView.m in Sources */ = {isa = PBXBuildFile; fileRef = 5C8128F120ACBC480089FAB3 /* LLPhotoView.m */; };
		5C81290B20ACBC490089FAB3 /* UIView+LLWebCache.m in Sources */ = {isa = PBXBuildFile; fileRef = 5C8128F220ACBC480089FAB3 /* UIView+LLWebCache.m */; };
		5C81290C20ACBC490089FAB3 /* LLPhotoItem.m in Sources */ = {isa = PBXBuildFile; fileRef = 5C8128F320ACBC480089FAB3 /* LLPhotoItem.m */; };
		5C81290D20ACBC490089FAB3 /* LLPageControl.m in Sources */ = {isa = PBXBuildFile; fileRef = 5C8128F420ACBC480089FAB3 /* LLPageControl.m */; };
		5C81290E20ACBC490089FAB3 /* UIView+LLAdd.m in Sources */ = {isa = PBXBuildFile; fileRef = 5C8128F620ACBC480089FAB3 /* UIView+LLAdd.m */; };
		5C81290F20ACBC490089FAB3 /* icon_loading_en.png in Resources */ = {isa = PBXBuildFile; fileRef = 5C8128FD20ACBC480089FAB3 /* icon_loading_en.png */; };
		5C81291020ACBC490089FAB3 /* Assets.xcassets in Resources */ = {isa = PBXBuildFile; fileRef = 5C8128FE20ACBC480089FAB3 /* Assets.xcassets */; };
		5C81291120ACBC490089FAB3 /* ViewController.m in Sources */ = {isa = PBXBuildFile; fileRef = 5C8128FF20ACBC480089FAB3 /* ViewController.m */; };
		5C81291220ACBC490089FAB3 /* LaunchScreen.storyboard in Resources */ = {isa = PBXBuildFile; fileRef = 5C81290020ACBC480089FAB3 /* LaunchScreen.storyboard */; };
		5C81291320ACBC490089FAB3 /* Main.storyboard in Resources */ = {isa = PBXBuildFile; fileRef = 5C81290220ACBC480089FAB3 /* Main.storyboard */; };
		5C81291420ACBC490089FAB3 /* main.m in Sources */ = {isa = PBXBuildFile; fileRef = 5C81290420ACBC480089FAB3 /* main.m */; };
		5C81291520ACBC490089FAB3 /* LLDemoController.m in Sources */ = {isa = PBXBuildFile; fileRef = 5C81290520ACBC480089FAB3 /* LLDemoController.m */; };
		5C81291620ACBC490089FAB3 /* AppDelegate.m in Sources */ = {isa = PBXBuildFile; fileRef = 5C81290620ACBC480089FAB3 /* AppDelegate.m */; };
		77ABC94CD90D25787F68DA95 /* libPods-LLPhotosBrowser.a in Frameworks */ = {isa = PBXBuildFile; fileRef = 9E770B2D8E2520047479172E /* libPods-LLPhotosBrowser.a */; };
/* End PBXBuildFile section */

/* Begin PBXFileReference section */
		5C8128EF20ACBC480089FAB3 /* UIView+LLAdd.h */ = {isa = PBXFileReference; fileEncoding = 4; lastKnownFileType = sourcecode.c.h; path = "UIView+LLAdd.h"; sourceTree = "<group>"; };
		5C8128F020ACBC480089FAB3 /* LLPhotosBrowser.m */ = {isa = PBXFileReference; fileEncoding = 4; lastKnownFileType = sourcecode.c.objc; path = LLPhotosBrowser.m; sourceTree = "<group>"; };
		5C8128F120ACBC480089FAB3 /* LLPhotoView.m */ = {isa = PBXFileReference; fileEncoding = 4; lastKnownFileType = sourcecode.c.objc; path = LLPhotoView.m; sourceTree = "<group>"; };
		5C8128F220ACBC480089FAB3 /* UIView+LLWebCache.m */ = {isa = PBXFileReference; fileEncoding = 4; lastKnownFileType = sourcecode.c.objc; path = "UIView+LLWebCache.m"; sourceTree = "<group>"; };
		5C8128F320ACBC480089FAB3 /* LLPhotoItem.m */ = {isa = PBXFileReference; fileEncoding = 4; lastKnownFileType = sourcecode.c.objc; path = LLPhotoItem.m; sourceTree = "<group>"; };
		5C8128F420ACBC480089FAB3 /* LLPageControl.m */ = {isa = PBXFileReference; fileEncoding = 4; lastKnownFileType = sourcecode.c.objc; path = LLPageControl.m; sourceTree = "<group>"; };
		5C8128F520ACBC480089FAB3 /* LLPhotosBrowser.h */ = {isa = PBXFileReference; fileEncoding = 4; lastKnownFileType = sourcecode.c.h; path = LLPhotosBrowser.h; sourceTree = "<group>"; };
		5C8128F620ACBC480089FAB3 /* UIView+LLAdd.m */ = {isa = PBXFileReference; fileEncoding = 4; lastKnownFileType = sourcecode.c.objc; path = "UIView+LLAdd.m"; sourceTree = "<group>"; };
		5C8128F720ACBC480089FAB3 /* UIView+LLWebCache.h */ = {isa = PBXFileReference; fileEncoding = 4; lastKnownFileType = sourcecode.c.h; path = "UIView+LLWebCache.h"; sourceTree = "<group>"; };
		5C8128F820ACBC480089FAB3 /* LLPhotoView.h */ = {isa = PBXFileReference; fileEncoding = 4; lastKnownFileType = sourcecode.c.h; path = LLPhotoView.h; sourceTree = "<group>"; };
		5C8128F920ACBC480089FAB3 /* LLPageControl.h */ = {isa = PBXFileReference; fileEncoding = 4; lastKnownFileType = sourcecode.c.h; path = LLPageControl.h; sourceTree = "<group>"; };
		5C8128FA20ACBC480089FAB3 /* LLPhotoItem.h */ = {isa = PBXFileReference; fileEncoding = 4; lastKnownFileType = sourcecode.c.h; path = LLPhotoItem.h; sourceTree = "<group>"; };
		5C8128FB20ACBC480089FAB3 /* LLDemoController.h */ = {isa = PBXFileReference; fileEncoding = 4; lastKnownFileType = sourcecode.c.h; path = LLDemoController.h; sourceTree = "<group>"; };
		5C8128FC20ACBC480089FAB3 /* AppDelegate.h */ = {isa = PBXFileReference; fileEncoding = 4; lastKnownFileType = sourcecode.c.h; path = AppDelegate.h; sourceTree = "<group>"; };
		5C8128FD20ACBC480089FAB3 /* icon_loading_en.png */ = {isa = PBXFileReference; lastKnownFileType = image.png; path = icon_loading_en.png; sourceTree = "<group>"; };
		5C8128FE20ACBC480089FAB3 /* Assets.xcassets */ = {isa = PBXFileReference; lastKnownFileType = folder.assetcatalog; path = Assets.xcassets; sourceTree = "<group>"; };
		5C8128FF20ACBC480089FAB3 /* ViewController.m */ = {isa = PBXFileReference; fileEncoding = 4; lastKnownFileType = sourcecode.c.objc; path = ViewController.m; sourceTree = "<group>"; };
		5C81290120ACBC480089FAB3 /* Base */ = {isa = PBXFileReference; lastKnownFileType = file.storyboard; name = Base; path = Base.lproj/LaunchScreen.storyboard; sourceTree = "<group>"; };
		5C81290320ACBC480089FAB3 /* Base */ = {isa = PBXFileReference; lastKnownFileType = file.storyboard; name = Base; path = Base.lproj/Main.storyboard; sourceTree = "<group>"; };
		5C81290420ACBC480089FAB3 /* main.m */ = {isa = PBXFileReference; fileEncoding = 4; lastKnownFileType = sourcecode.c.objc; path = main.m; sourceTree = "<group>"; };
		5C81290520ACBC480089FAB3 /* LLDemoController.m */ = {isa = PBXFileReference; fileEncoding = 4; lastKnownFileType = sourcecode.c.objc; path = LLDemoController.m; sourceTree = "<group>"; };
		5C81290620ACBC480089FAB3 /* AppDelegate.m */ = {isa = PBXFileReference; fileEncoding = 4; lastKnownFileType = sourcecode.c.objc; path = AppDelegate.m; sourceTree = "<group>"; };
		5C81290720ACBC480089FAB3 /* Info.plist */ = {isa = PBXFileReference; fileEncoding = 4; lastKnownFileType = text.plist.xml; path = Info.plist; sourceTree = "<group>"; };
		5C81290820ACBC480089FAB3 /* ViewController.h */ = {isa = PBXFileReference; fileEncoding = 4; lastKnownFileType = sourcecode.c.h; path = ViewController.h; sourceTree = "<group>"; };
		5C8321E11FF2316200A36D07 /* LLPhotosBrowser.app */ = {isa = PBXFileReference; explicitFileType = wrapper.application; includeInIndex = 0; path = LLPhotosBrowser.app; sourceTree = BUILT_PRODUCTS_DIR; };
		9E770B2D8E2520047479172E /* libPods-LLPhotosBrowser.a */ = {isa = PBXFileReference; explicitFileType = archive.ar; includeInIndex = 0; path = "libPods-LLPhotosBrowser.a"; sourceTree = BUILT_PRODUCTS_DIR; };
		D7EB2C0B242C12A09696851F /* libPods-LLPhotoBrowser.a */ = {isa = PBXFileReference; explicitFileType = archive.ar; includeInIndex = 0; path = "libPods-LLPhotoBrowser.a"; sourceTree = BUILT_PRODUCTS_DIR; };
		D855F52EB9E157A2DD775143 /* Pods-LLPhotosBrowser.debug.xcconfig */ = {isa = PBXFileReference; includeInIndex = 1; lastKnownFileType = text.xcconfig; name = "Pods-LLPhotosBrowser.debug.xcconfig"; path = "Pods/Target Support Files/Pods-LLPhotosBrowser/Pods-LLPhotosBrowser.debug.xcconfig"; sourceTree = "<group>"; };
		DE281DCD7C9854401094259E /* Pods-LLPhotosBrowser.release.xcconfig */ = {isa = PBXFileReference; includeInIndex = 1; lastKnownFileType = text.xcconfig; name = "Pods-LLPhotosBrowser.release.xcconfig"; path = "Pods/Target Support Files/Pods-LLPhotosBrowser/Pods-LLPhotosBrowser.release.xcconfig"; sourceTree = "<group>"; };
/* End PBXFileReference section */

/* Begin PBXFrameworksBuildPhase section */
		5C8321DE1FF2316200A36D07 /* Frameworks */ = {
			isa = PBXFrameworksBuildPhase;
			buildActionMask = 2147483647;
			files = (
				77ABC94CD90D25787F68DA95 /* libPods-LLPhotosBrowser.a in Frameworks */,
			);
			runOnlyForDeploymentPostprocessing = 0;
		};
/* End PBXFrameworksBuildPhase section */

/* Begin PBXGroup section */
		2BA29C915CF921DD5CD45A87 /* Pods */ = {
			isa = PBXGroup;
			children = (
				D855F52EB9E157A2DD775143 /* Pods-LLPhotosBrowser.debug.xcconfig */,
				DE281DCD7C9854401094259E /* Pods-LLPhotosBrowser.release.xcconfig */,
			);
			name = Pods;
			sourceTree = "<group>";
		};
		5C8128ED20ACBC480089FAB3 /* LLPhotosBrowser */ = {
			isa = PBXGroup;
			children = (
				5C8128EE20ACBC480089FAB3 /* LLPhotosBrowser */,
				5C8128FD20ACBC480089FAB3 /* icon_loading_en.png */,
				5C8128FE20ACBC480089FAB3 /* Assets.xcassets */,
				5C8128FF20ACBC480089FAB3 /* ViewController.m */,
				5C81290020ACBC480089FAB3 /* LaunchScreen.storyboard */,
				5C81290220ACBC480089FAB3 /* Main.storyboard */,
				5C81290420ACBC480089FAB3 /* main.m */,
				5C8128FB20ACBC480089FAB3 /* LLDemoController.h */,
				5C81290520ACBC480089FAB3 /* LLDemoController.m */,
				5C8128FC20ACBC480089FAB3 /* AppDelegate.h */,
				5C81290620ACBC480089FAB3 /* AppDelegate.m */,
				5C81290720ACBC480089FAB3 /* Info.plist */,
				5C81290820ACBC480089FAB3 /* ViewController.h */,
			);
			path = LLPhotosBrowser;
			sourceTree = "<group>";
		};
		5C8128EE20ACBC480089FAB3 /* LLPhotosBrowser */ = {
			isa = PBXGroup;
			children = (
				5C8128EF20ACBC480089FAB3 /* UIView+LLAdd.h */,
				5C8128F620ACBC480089FAB3 /* UIView+LLAdd.m */,
				5C8128F720ACBC480089FAB3 /* UIView+LLWebCache.h */,
				5C8128F220ACBC480089FAB3 /* UIView+LLWebCache.m */,
				5C8128F920ACBC480089FAB3 /* LLPageControl.h */,
				5C8128F420ACBC480089FAB3 /* LLPageControl.m */,
				5C8128F520ACBC480089FAB3 /* LLPhotosBrowser.h */,
				5C8128F020ACBC480089FAB3 /* LLPhotosBrowser.m */,
				5C8128F820ACBC480089FAB3 /* LLPhotoView.h */,
				5C8128F120ACBC480089FAB3 /* LLPhotoView.m */,
				5C8128FA20ACBC480089FAB3 /* LLPhotoItem.h */,
				5C8128F320ACBC480089FAB3 /* LLPhotoItem.m */,
			);
			path = LLPhotosBrowser;
			sourceTree = "<group>";
		};
		5C8321D81FF2316200A36D07 = {
			isa = PBXGroup;
			children = (
				5C8128ED20ACBC480089FAB3 /* LLPhotosBrowser */,
				5C8321E21FF2316200A36D07 /* Products */,
				2BA29C915CF921DD5CD45A87 /* Pods */,
				98F479ABF8EBA21AB8901E82 /* Frameworks */,
			);
			sourceTree = "<group>";
		};
		5C8321E21FF2316200A36D07 /* Products */ = {
			isa = PBXGroup;
			children = (
				5C8321E11FF2316200A36D07 /* LLPhotosBrowser.app */,
			);
			name = Products;
			sourceTree = "<group>";
		};
		98F479ABF8EBA21AB8901E82 /* Frameworks */ = {
			isa = PBXGroup;
			children = (
				D7EB2C0B242C12A09696851F /* libPods-LLPhotoBrowser.a */,
				9E770B2D8E2520047479172E /* libPods-LLPhotosBrowser.a */,
			);
			name = Frameworks;
			sourceTree = "<group>";
		};
/* End PBXGroup section */

/* Begin PBXNativeTarget section */
		5C8321E01FF2316200A36D07 /* LLPhotosBrowser */ = {
			isa = PBXNativeTarget;
			buildConfigurationList = 5C8321F71FF2316200A36D07 /* Build configuration list for PBXNativeTarget "LLPhotosBrowser" */;
			buildPhases = (
				8E99C6E4845F22C6B9DFDFC3 /* [CP] Check Pods Manifest.lock */,
				5C8321DD1FF2316200A36D07 /* Sources */,
				5C8321DE1FF2316200A36D07 /* Frameworks */,
				5C8321DF1FF2316200A36D07 /* Resources */,
				D0C620483EDBB54DD2264324 /* [CP] Embed Pods Frameworks */,
				F98AF70933F444462FE9630F /* [CP] Copy Pods Resources */,
			);
			buildRules = (
			);
			dependencies = (
			);
			name = LLPhotosBrowser;
			productName = LLPhotoBrowser;
			productReference = 5C8321E11FF2316200A36D07 /* LLPhotosBrowser.app */;
			productType = "com.apple.product-type.application";
		};
/* End PBXNativeTarget section */

/* Begin PBXProject section */
		5C8321D91FF2316200A36D07 /* Project object */ = {
			isa = PBXProject;
			attributes = {
				LastUpgradeCheck = 0930;
				ORGANIZATIONNAME = LianLeven;
				TargetAttributes = {
					5C8321E01FF2316200A36D07 = {
						CreatedOnToolsVersion = 9.2;
						ProvisioningStyle = Automatic;
					};
				};
			};
			buildConfigurationList = 5C8321DC1FF2316200A36D07 /* Build configuration list for PBXProject "LLPhotosBrowser" */;
			compatibilityVersion = "Xcode 8.0";
			developmentRegion = en;
			hasScannedForEncodings = 0;
			knownRegions = (
				en,
				Base,
			);
			mainGroup = 5C8321D81FF2316200A36D07;
			productRefGroup = 5C8321E21FF2316200A36D07 /* Products */;
			projectDirPath = "";
			projectRoot = "";
			targets = (
				5C8321E01FF2316200A36D07 /* LLPhotosBrowser */,
			);
		};
/* End PBXProject section */

/* Begin PBXResourcesBuildPhase section */
		5C8321DF1FF2316200A36D07 /* Resources */ = {
			isa = PBXResourcesBuildPhase;
			buildActionMask = 2147483647;
			files = (
				5C81291220ACBC490089FAB3 /* LaunchScreen.storyboard in Resources */,
				5C81291020ACBC490089FAB3 /* Assets.xcassets in Resources */,
				5C81290F20ACBC490089FAB3 /* icon_loading_en.png in Resources */,
				5C81291320ACBC490089FAB3 /* Main.storyboard in Resources */,
			);
			runOnlyForDeploymentPostprocessing = 0;
		};
/* End PBXResourcesBuildPhase section */

/* Begin PBXShellScriptBuildPhase section */
		8E99C6E4845F22C6B9DFDFC3 /* [CP] Check Pods Manifest.lock */ = {
			isa = PBXShellScriptBuildPhase;
			buildActionMask = 2147483647;
			files = (
			);
			inputPaths = (
				"${PODS_PODFILE_DIR_PATH}/Podfile.lock",
				"${PODS_ROOT}/Manifest.lock",
			);
			name = "[CP] Check Pods Manifest.lock";
			outputPaths = (
				"$(DERIVED_FILE_DIR)/Pods-LLPhotosBrowser-checkManifestLockResult.txt",
			);
			runOnlyForDeploymentPostprocessing = 0;
			shellPath = /bin/sh;
			shellScript = "diff \"${PODS_PODFILE_DIR_PATH}/Podfile.lock\" \"${PODS_ROOT}/Manifest.lock\" > /dev/null\nif [ $? != 0 ] ; then\n    # print error to STDERR\n    echo \"error: The sandbox is not in sync with the Podfile.lock. Run 'pod install' or update your CocoaPods installation.\" >&2\n    exit 1\nfi\n# This output is used by Xcode 'outputs' to avoid re-running this script phase.\necho \"SUCCESS\" > \"${SCRIPT_OUTPUT_FILE_0}\"\n";
			showEnvVarsInLog = 0;
		};
		D0C620483EDBB54DD2264324 /* [CP] Embed Pods Frameworks */ = {
			isa = PBXShellScriptBuildPhase;
			buildActionMask = 2147483647;
			files = (
			);
			inputPaths = (
			);
			name = "[CP] Embed Pods Frameworks";
			outputPaths = (
			);
			runOnlyForDeploymentPostprocessing = 0;
			shellPath = /bin/sh;
			shellScript = "\"${SRCROOT}/Pods/Target Support Files/Pods-LLPhotosBrowser/Pods-LLPhotosBrowser-frameworks.sh\"\n";
			showEnvVarsInLog = 0;
		};
		F98AF70933F444462FE9630F /* [CP] Copy Pods Resources */ = {
			isa = PBXShellScriptBuildPhase;
			buildActionMask = 2147483647;
			files = (
			);
			inputPaths = (
			);
			name = "[CP] Copy Pods Resources";
			outputPaths = (
			);
			runOnlyForDeploymentPostprocessing = 0;
			shellPath = /bin/sh;
			shellScript = "\"${SRCROOT}/Pods/Target Support Files/Pods-LLPhotosBrowser/Pods-LLPhotosBrowser-resources.sh\"\n";
			showEnvVarsInLog = 0;
		};
/* End PBXShellScriptBuildPhase section */

/* Begin PBXSourcesBuildPhase section */
		5C8321DD1FF2316200A36D07 /* Sources */ = {
			isa = PBXSourcesBuildPhase;
			buildActionMask = 2147483647;
			files = (
				5C81291120ACBC490089FAB3 /* ViewController.m in Sources */,
				5C81291520ACBC490089FAB3 /* LLDemoController.m in Sources */,
				5C81290920ACBC490089FAB3 /* LLPhotosBrowser.m in Sources */,
				5C81290C20ACBC490089FAB3 /* LLPhotoItem.m in Sources */,
				5C81291620ACBC490089FAB3 /* AppDelegate.m in Sources */,
				5C81290A20ACBC490089FAB3 /* LLPhotoView.m in Sources */,
				5C81290B20ACBC490089FAB3 /* UIView+LLWebCache.m in Sources */,
				5C81290E20ACBC490089FAB3 /* UIView+LLAdd.m in Sources */,
				5C81291420ACBC490089FAB3 /* main.m in Sources */,
				5C81290D20ACBC490089FAB3 /* LLPageControl.m in Sources */,
			);
			runOnlyForDeploymentPostprocessing = 0;
		};
/* End PBXSourcesBuildPhase section */

/* Begin PBXVariantGroup section */
		5C81290020ACBC480089FAB3 /* LaunchScreen.storyboard */ = {
			isa = PBXVariantGroup;
			children = (
				5C81290120ACBC480089FAB3 /* Base */,
			);
			name = LaunchScreen.storyboard;
			sourceTree = "<group>";
		};
		5C81290220ACBC480089FAB3 /* Main.storyboard */ = {
			isa = PBXVariantGroup;
			children = (
				5C81290320ACBC480089FAB3 /* Base */,
			);
			name = Main.storyboard;
			sourceTree = "<group>";
		};
/* End PBXVariantGroup section */

/* Begin XCBuildConfiguration section */
		5C8321F51FF2316200A36D07 /* Debug */ = {
			isa = XCBuildConfiguration;
			buildSettings = {
				ALWAYS_SEARCH_USER_PATHS = NO;
				CLANG_ANALYZER_NONNULL = YES;
				CLANG_ANALYZER_NUMBER_OBJECT_CONVERSION = YES_AGGRESSIVE;
				CLANG_CXX_LANGUAGE_STANDARD = "gnu++14";
				CLANG_CXX_LIBRARY = "libc++";
				CLANG_ENABLE_MODULES = YES;
				CLANG_ENABLE_OBJC_ARC = YES;
				CLANG_WARN_BLOCK_CAPTURE_AUTORELEASING = YES;
				CLANG_WARN_BOOL_CONVERSION = YES;
				CLANG_WARN_COMMA = YES;
				CLANG_WARN_CONSTANT_CONVERSION = YES;
				CLANG_WARN_DEPRECATED_OBJC_IMPLEMENTATIONS = YES;
				CLANG_WARN_DIRECT_OBJC_ISA_USAGE = YES_ERROR;
				CLANG_WARN_DOCUMENTATION_COMMENTS = YES;
				CLANG_WARN_EMPTY_BODY = YES;
				CLANG_WARN_ENUM_CONVERSION = YES;
				CLANG_WARN_INFINITE_RECURSION = YES;
				CLANG_WARN_INT_CONVERSION = YES;
				CLANG_WARN_NON_LITERAL_NULL_CONVERSION = YES;
				CLANG_WARN_OBJC_IMPLICIT_RETAIN_SELF = YES;
				CLANG_WARN_OBJC_LITERAL_CONVERSION = YES;
				CLANG_WARN_OBJC_ROOT_CLASS = YES_ERROR;
				CLANG_WARN_RANGE_LOOP_ANALYSIS = YES;
				CLANG_WARN_STRICT_PROTOTYPES = YES;
				CLANG_WARN_SUSPICIOUS_MOVE = YES;
				CLANG_WARN_UNGUARDED_AVAILABILITY = YES_AGGRESSIVE;
				CLANG_WARN_UNREACHABLE_CODE = YES;
				CLANG_WARN__DUPLICATE_METHOD_MATCH = YES;
				CODE_SIGN_IDENTITY = "iPhone Developer";
				COPY_PHASE_STRIP = NO;
				DEBUG_INFORMATION_FORMAT = dwarf;
				ENABLE_STRICT_OBJC_MSGSEND = YES;
				ENABLE_TESTABILITY = YES;
				GCC_C_LANGUAGE_STANDARD = gnu11;
				GCC_DYNAMIC_NO_PIC = NO;
				GCC_NO_COMMON_BLOCKS = YES;
				GCC_OPTIMIZATION_LEVEL = 0;
				GCC_PREPROCESSOR_DEFINITIONS = (
					"DEBUG=1",
					"$(inherited)",
				);
				GCC_WARN_64_TO_32_BIT_CONVERSION = YES;
				GCC_WARN_ABOUT_RETURN_TYPE = YES_ERROR;
				GCC_WARN_UNDECLARED_SELECTOR = YES;
				GCC_WARN_UNINITIALIZED_AUTOS = YES_AGGRESSIVE;
				GCC_WARN_UNUSED_FUNCTION = YES;
				GCC_WARN_UNUSED_VARIABLE = YES;
				IPHONEOS_DEPLOYMENT_TARGET = 11.2;
				MTL_ENABLE_DEBUG_INFO = YES;
				ONLY_ACTIVE_ARCH = YES;
				SDKROOT = iphoneos;
			};
			name = Debug;
		};
		5C8321F61FF2316200A36D07 /* Release */ = {
			isa = XCBuildConfiguration;
			buildSettings = {
				ALWAYS_SEARCH_USER_PATHS = NO;
				CLANG_ANALYZER_NONNULL = YES;
				CLANG_ANALYZER_NUMBER_OBJECT_CONVERSION = YES_AGGRESSIVE;
				CLANG_CXX_LANGUAGE_STANDARD = "gnu++14";
				CLANG_CXX_LIBRARY = "libc++";
				CLANG_ENABLE_MODULES = YES;
				CLANG_ENABLE_OBJC_ARC = YES;
				CLANG_WARN_BLOCK_CAPTURE_AUTORELEASING = YES;
				CLANG_WARN_BOOL_CONVERSION = YES;
				CLANG_WARN_COMMA = YES;
				CLANG_WARN_CONSTANT_CONVERSION = YES;
				CLANG_WARN_DEPRECATED_OBJC_IMPLEMENTATIONS = YES;
				CLANG_WARN_DIRECT_OBJC_ISA_USAGE = YES_ERROR;
				CLANG_WARN_DOCUMENTATION_COMMENTS = YES;
				CLANG_WARN_EMPTY_BODY = YES;
				CLANG_WARN_ENUM_CONVERSION = YES;
				CLANG_WARN_INFINITE_RECURSION = YES;
				CLANG_WARN_INT_CONVERSION = YES;
				CLANG_WARN_NON_LITERAL_NULL_CONVERSION = YES;
				CLANG_WARN_OBJC_IMPLICIT_RETAIN_SELF = YES;
				CLANG_WARN_OBJC_LITERAL_CONVERSION = YES;
				CLANG_WARN_OBJC_ROOT_CLASS = YES_ERROR;
				CLANG_WARN_RANGE_LOOP_ANALYSIS = YES;
				CLANG_WARN_STRICT_PROTOTYPES = YES;
				CLANG_WARN_SUSPICIOUS_MOVE = YES;
				CLANG_WARN_UNGUARDED_AVAILABILITY = YES_AGGRESSIVE;
				CLANG_WARN_UNREACHABLE_CODE = YES;
				CLANG_WARN__DUPLICATE_METHOD_MATCH = YES;
				CODE_SIGN_IDENTITY = "iPhone Developer";
				COPY_PHASE_STRIP = NO;
				DEBUG_INFORMATION_FORMAT = "dwarf-with-dsym";
				ENABLE_NS_ASSERTIONS = NO;
				ENABLE_STRICT_OBJC_MSGSEND = YES;
				GCC_C_LANGUAGE_STANDARD = gnu11;
				GCC_NO_COMMON_BLOCKS = YES;
				GCC_WARN_64_TO_32_BIT_CONVERSION = YES;
				GCC_WARN_ABOUT_RETURN_TYPE = YES_ERROR;
				GCC_WARN_UNDECLARED_SELECTOR = YES;
				GCC_WARN_UNINITIALIZED_AUTOS = YES_AGGRESSIVE;
				GCC_WARN_UNUSED_FUNCTION = YES;
				GCC_WARN_UNUSED_VARIABLE = YES;
				IPHONEOS_DEPLOYMENT_TARGET = 11.2;
				MTL_ENABLE_DEBUG_INFO = NO;
				SDKROOT = iphoneos;
				VALIDATE_PRODUCT = YES;
			};
			name = Release;
		};
		5C8321F81FF2316200A36D07 /* Debug */ = {
			isa = XCBuildConfiguration;
			baseConfigurationReference = D855F52EB9E157A2DD775143 /* Pods-LLPhotosBrowser.debug.xcconfig */;
			buildSettings = {
				ASSETCATALOG_COMPILER_APPICON_NAME = AppIcon;
				CLANG_ALLOW_NON_MODULAR_INCLUDES_IN_FRAMEWORK_MODULES = YES;
				CODE_SIGN_STYLE = Automatic;
				DEVELOPMENT_TEAM = FALLEC93LS;
				INFOPLIST_FILE = LLPhotosBrowser/Info.plist;
				IPHONEOS_DEPLOYMENT_TARGET = 8.0;
				LD_RUNPATH_SEARCH_PATHS = "$(inherited) @executable_path/Frameworks";
				PRODUCT_BUNDLE_IDENTIFIER = com.LianLeven.LLPhotoBrowser;
				PRODUCT_NAME = "$(TARGET_NAME)";
				TARGETED_DEVICE_FAMILY = "1,2";
			};
			name = Debug;
		};
		5C8321F91FF2316200A36D07 /* Release */ = {
			isa = XCBuildConfiguration;
			baseConfigurationReference = DE281DCD7C9854401094259E /* Pods-LLPhotosBrowser.release.xcconfig */;
			buildSettings = {
				ASSETCATALOG_COMPILER_APPICON_NAME = AppIcon;
				CLANG_ALLOW_NON_MODULAR_INCLUDES_IN_FRAMEWORK_MODULES = YES;
				CODE_SIGN_STYLE = Automatic;
				DEVELOPMENT_TEAM = FALLEC93LS;
				INFOPLIST_FILE = LLPhotosBrowser/Info.plist;
				IPHONEOS_DEPLOYMENT_TARGET = 8.0;
				LD_RUNPATH_SEARCH_PATHS = "$(inherited) @executable_path/Frameworks";
				PRODUCT_BUNDLE_IDENTIFIER = com.LianLeven.LLPhotoBrowser;
				PRODUCT_NAME = "$(TARGET_NAME)";
				TARGETED_DEVICE_FAMILY = "1,2";
			};
			name = Release;
		};
/* End XCBuildConfiguration section */

/* Begin XCConfigurationList section */
		5C8321DC1FF2316200A36D07 /* Build configuration list for PBXProject "LLPhotosBrowser" */ = {
			isa = XCConfigurationList;
			buildConfigurations = (
				5C8321F51FF2316200A36D07 /* Debug */,
				5C8321F61FF2316200A36D07 /* Release */,
			);
			defaultConfigurationIsVisible = 0;
			defaultConfigurationName = Release;
		};
		5C8321F71FF2316200A36D07 /* Build configuration list for PBXNativeTarget "LLPhotosBrowser" */ = {
			isa = XCConfigurationList;
			buildConfigurations = (
				5C8321F81FF2316200A36D07 /* Debug */,
				5C8321F91FF2316200A36D07 /* Release */,
			);
			defaultConfigurationIsVisible = 0;
			defaultConfigurationName = Release;
		};
/* End XCConfigurationList section */
	};
	rootObject = 5C8321D91FF2316200A36D07 /* Project object */;
}
